
Microsoft Visual Studio Solution File, Format Version 12.00
Project("{FAE04EC0-301F-11D3-BF4B-00C04F79EFBC}") = "AuthTutorialAuthCommon", "AuthTutorialAuthCommon\AuthTutorialAuthCommon.csproj", "{F2B5DE2C-0DC8-4DDE-BA16-35ACEF878FF7}"
EndProject
Project("{FAE04EC0-301F-11D3-BF4B-00C04F79EFBC}") = "AuthTutorialResourceApi", "AuthTutorialResourceApi\AuthTutorialResourceApi.csproj", "{804D83E3-33C5-47E1-92CD-D434E8AB4809}"
EndProject
Project("{FAE04EC0-301F-11D3-BF4B-00C04F79EFBC}") = "AuthTutorialAuthApi", "AuthTutorialAuthApi\AuthTutorialAuthApi.csproj", "{69A0D8D9-5635-476B-8866-83E00BC30410}"
EndProject
Global
	GlobalSection(SolutionConfigurationPlatforms) = preSolution
		Debug|Any CPU = Debug|Any CPU
		Release|Any CPU = Release|Any CPU
	EndGlobalSection
	GlobalSection(ProjectConfigurationPlatforms) = postSolution
		{F2B5DE2C-0DC8-4DDE-BA16-35ACEF878FF7}.Debug|Any CPU.ActiveCfg = Debug|Any CPU
		{F2B5DE2C-0DC8-4DDE-BA16-35ACEF878FF7}.Debug|Any CPU.Build.0 = Debug|Any CPU
		{F2B5DE2C-0DC8-4DDE-BA16-35ACEF878FF7}.Release|Any CPU.ActiveCfg = Release|Any CPU
		{F2B5DE2C-0DC8-4DDE-BA16-35ACEF878FF7}.Release|Any CPU.Build.0 = Release|Any CPU
		{804D83E3-33C5-47E1-92CD-D434E8AB4809}.Debug|Any CPU.ActiveCfg = Debug|Any CPU
		{804D83E3-33C5-47E1-92CD-D434E8AB4809}.Debug|Any CPU.Build.0 = Debug|Any CPU
		{804D83E3-33C5-47E1-92CD-D434E8AB4809}.Release|Any CPU.ActiveCfg = Release|Any CPU
		{804D83E3-33C5-47E1-92CD-D434E8AB4809}.Release|Any CPU.Build.0 = Release|Any CPU
		{69A0D8D9-5635-476B-8866-83E00BC30410}.Debug|Any CPU.ActiveCfg = Debug|Any CPU
		{69A0D8D9-5635-476B-8866-83E00BC30410}.Debug|Any CPU.Build.0 = Debug|Any CPU
		{69A0D8D9-5635-476B-8866-83E00BC30410}.Release|Any CPU.ActiveCfg = Release|Any CPU
		{69A0D8D9-5635-476B-8866-83E00BC30410}.Release|Any CPU.Build.0 = Release|Any CPU
	EndGlobalSection
EndGlobal
